// !$*UTF8*$!
{
	archiveVersion = 1;
	classes = {
	};
	objectVersion = 55;
	objects = {

/* Begin PBXBuildFile section */
		CDD29B5C2930B89B00D2BF21 /* AppDelegate.m in Sources */ = {isa = PBXBuildFile; fileRef = CDD29B5B2930B89B00D2BF21 /* AppDelegate.m */; };
		CDD29B5F2930B89B00D2BF21 /* SceneDelegate.m in Sources */ = {isa = PBXBuildFile; fileRef = CDD29B5E2930B89B00D2BF21 /* SceneDelegate.m */; };
		CDD29B622930B89B00D2BF21 /* ViewController.m in Sources */ = {isa = PBXBuildFile; fileRef = CDD29B612930B89B00D2BF21 /* ViewController.m */; };
		CDD29B652930B89B00D2BF21 /* Main.storyboard in Resources */ = {isa = PBXBuildFile; fileRef = CDD29B632930B89B00D2BF21 /* Main.storyboard */; };
		CDD29B682930B89B00D2BF21 /* FirstTutorialObjC.xcdatamodeld in Sources */ = {isa = PBXBuildFile; fileRef = CDD29B662930B89B00D2BF21 /* FirstTutorialObjC.xcdatamodeld */; };
		CDD29B6A2930B89D00D2BF21 /* Assets.xcassets in Resources */ = {isa = PBXBuildFile; fileRef = CDD29B692930B89D00D2BF21 /* Assets.xcassets */; };
		CDD29B6D2930B89D00D2BF21 /* LaunchScreen.storyboard in Resources */ = {isa = PBXBuildFile; fileRef = CDD29B6B2930B89D00D2BF21 /* LaunchScreen.storyboard */; };
		CDD29B702930B89D00D2BF21 /* main.m in Sources */ = {isa = PBXBuildFile; fileRef = CDD29B6F2930B89D00D2BF21 /* main.m */; };
		CDD29B7B2930BB0200D2BF21 /* MyClass.m in Sources */ = {isa = PBXBuildFile; fileRef = CDD29B7A2930BB0200D2BF21 /* MyClass.m */; };
		CDD29B7E2930D1F400D2BF21 /* Car.m in Sources */ = {isa = PBXBuildFile; fileRef = CDD29B7D2930D1F400D2BF21 /* Car.m */; };
/* End PBXBuildFile section */

/* Begin PBXFileReference section */
		CDD29B572930B89B00D2BF21 /* FirstTutorialObjC.app */ = {isa = PBXFileReference; explicitFileType = wrapper.application; includeInIndex = 0; path = FirstTutorialObjC.app; sourceTree = BUILT_PRODUCTS_DIR; };
		CDD29B5A2930B89B00D2BF21 /* AppDelegate.h */ = {isa = PBXFileReference; lastKnownFileType = sourcecode.c.h; path = AppDelegate.h; sourceTree = "<group>"; };
		CDD29B5B2930B89B00D2BF21 /* AppDelegate.m */ = {isa = PBXFileReference; lastKnownFileType = sourcecode.c.objc; path = AppDelegate.m; sourceTree = "<group>"; };
		CDD29B5D2930B89B00D2BF21 /* SceneDelegate.h */ = {isa = PBXFileReference; lastKnownFileType = sourcecode.c.h; path = SceneDelegate.h; sourceTree = "<group>"; };
		CDD29B5E2930B89B00D2BF21 /* SceneDelegate.m */ = {isa = PBXFileReference; lastKnownFileType = sourcecode.c.objc; path = SceneDelegate.m; sourceTree = "<group>"; };
		CDD29B602930B89B00D2BF21 /* ViewController.h */ = {isa = PBXFileReference; lastKnownFileType = sourcecode.c.h; path = ViewController.h; sourceTree = "<group>"; };
		CDD29B612930B89B00D2BF21 /* ViewController.m */ = {isa = PBXFileReference; lastKnownFileType = sourcecode.c.objc; path = ViewController.m; sourceTree = "<group>"; };
		CDD29B642930B89B00D2BF21 /* Base */ = {isa = PBXFileReference; lastKnownFileType = file.storyboard; name = Base; path = Base.lproj/Main.storyboard; sourceTree = "<group>"; };
		CDD29B672930B89B00D2BF21 /* FirstTutorialObjC.xcdatamodel */ = {isa = PBXFileReference; lastKnownFileType = wrapper.xcdatamodel; path = FirstTutorialObjC.xcdatamodel; sourceTree = "<group>"; };
		CDD29B692930B89D00D2BF21 /* Assets.xcassets */ = {isa = PBXFileReference; lastKnownFileType = folder.assetcatalog; path = Assets.xcassets; sourceTree = "<group>"; };
		CDD29B6C2930B89D00D2BF21 /* Base */ = {isa = PBXFileReference; lastKnownFileType = file.storyboard; name = Base; path = Base.lproj/LaunchScreen.storyboard; sourceTree = "<group>"; };
		CDD29B6E2930B89D00D2BF21 /* Info.plist */ = {isa = PBXFileReference; lastKnownFileType = text.plist.xml; path = Info.plist; sourceTree = "<group>"; };
		CDD29B6F2930B89D00D2BF21 /* main.m */ = {isa = PBXFileReference; lastKnownFileType = sourcecode.c.objc; path = main.m; sourceTree = "<group>"; };
		CDD29B792930BB0200D2BF21 /* MyClass.h */ = {isa = PBXFileReference; lastKnownFileType = sourcecode.c.h; path = MyClass.h; sourceTree = "<group>"; };
		CDD29B7A2930BB0200D2BF21 /* MyClass.m */ = {isa = PBXFileReference; lastKnownFileType = sourcecode.c.objc; path = MyClass.m; sourceTree = "<group>"; };
		CDD29B7C2930D1F400D2BF21 /* Car.h */ = {isa = PBXFileReference; lastKnownFileType = sourcecode.c.h; path = Car.h; sourceTree = "<group>"; };
		CDD29B7D2930D1F400D2BF21 /* Car.m */ = {isa = PBXFileReference; lastKnownFileType = sourcecode.c.objc; path = Car.m; sourceTree = "<group>"; };
/* End PBXFileReference section */

/* Begin PBXFrameworksBuildPhase section */
		CDD29B542930B89B00D2BF21 /* Frameworks */ = {
			isa = PBXFrameworksBuildPhase;
			buildActionMask = 2147483647;
			files = (
			);
			runOnlyForDeploymentPostprocessing = 0;
		};
/* End PBXFrameworksBuildPhase section */

/* Begin PBXGroup section */
		CDD29B4E2930B89B00D2BF21 = {
			isa = PBXGroup;
			children = (
				CDD29B592930B89B00D2BF21 /* FirstTutorialObjC */,
				CDD29B582930B89B00D2BF21 /* Products */,
			);
			sourceTree = "<group>";
		};
		CDD29B582930B89B00D2BF21 /* Products */ = {
			isa = PBXGroup;
			children = (
				CDD29B572930B89B00D2BF21 /* FirstTutorialObjC.app */,
			);
			name = Products;
			sourceTree = "<group>";
		};
		CDD29B592930B89B00D2BF21 /* FirstTutorialObjC */ = {
			isa = PBXGroup;
			children = (
				CDD29B5A2930B89B00D2BF21 /* AppDelegate.h */,
				CDD29B5B2930B89B00D2BF21 /* AppDelegate.m */,
				CDD29B5D2930B89B00D2BF21 /* SceneDelegate.h */,
				CDD29B5E2930B89B00D2BF21 /* SceneDelegate.m */,
				CDD29B602930B89B00D2BF21 /* ViewController.h */,
				CDD29B612930B89B00D2BF21 /* ViewController.m */,
				CDD29B7C2930D1F400D2BF21 /* Car.h */,
				CDD29B7D2930D1F400D2BF21 /* Car.m */,
				CDD29B792930BB0200D2BF21 /* MyClass.h */,
				CDD29B7A2930BB0200D2BF21 /* MyClass.m */,
				CDD29B632930B89B00D2BF21 /* Main.storyboard */,
				CDD29B692930B89D00D2BF21 /* Assets.xcassets */,
				CDD29B6B2930B89D00D2BF21 /* LaunchScreen.storyboard */,
				CDD29B6E2930B89D00D2BF21 /* Info.plist */,
				CDD29B6F2930B89D00D2BF21 /* main.m */,
				CDD29B662930B89B00D2BF21 /* FirstTutorialObjC.xcdatamodeld */,
			);
			path = FirstTutorialObjC;
			sourceTree = "<group>";
		};
/* End PBXGroup section */

/* Begin PBXNativeTarget section */
		CDD29B562930B89B00D2BF21 /* FirstTutorialObjC */ = {
			isa = PBXNativeTarget;
			buildConfigurationList = CDD29B732930B89D00D2BF21 /* Build configuration list for PBXNativeTarget "FirstTutorialObjC" */;
			buildPhases = (
				CDD29B532930B89B00D2BF21 /* Sources */,
				CDD29B542930B89B00D2BF21 /* Frameworks */,
				CDD29B552930B89B00D2BF21 /* Resources */,
			);
			buildRules = (
			);
			dependencies = (
			);
			name = FirstTutorialObjC;
			productName = FirstTutorialObjC;
			productReference = CDD29B572930B89B00D2BF21 /* FirstTutorialObjC.app */;
			productType = "com.apple.product-type.application";
		};
/* End PBXNativeTarget section */

/* Begin PBXProject section */
		CDD29B4F2930B89B00D2BF21 /* Project object */ = {
			isa = PBXProject;
			attributes = {
				BuildIndependentTargetsInParallel = 1;
				LastUpgradeCheck = 1330;
				TargetAttributes = {
					CDD29B562930B89B00D2BF21 = {
						CreatedOnToolsVersion = 13.3.1;
					};
				};
			};
			buildConfigurationList = CDD29B522930B89B00D2BF21 /* Build configuration list for PBXProject "FirstTutorialObjC" */;
			compatibilityVersion = "Xcode 13.0";
			developmentRegion = en;
			hasScannedForEncodings = 0;
			knownRegions = (
				en,
				Base,
			);
			mainGroup = CDD29B4E2930B89B00D2BF21;
			productRefGroup = CDD29B582930B89B00D2BF21 /* Products */;
			projectDirPath = "";
			projectRoot = "";
			targets = (
				CDD29B562930B89B00D2BF21 /* FirstTutorialObjC */,
			);
		};
/* End PBXProject section */

/* Begin PBXResourcesBuildPhase section */
		CDD29B552930B89B00D2BF21 /* Resources */ = {
			isa = PBXResourcesBuildPhase;
			buildActionMask = 2147483647;
			files = (
				CDD29B6D2930B89D00D2BF21 /* LaunchScreen.storyboard in Resources */,
				CDD29B6A2930B89D00D2BF21 /* Assets.xcassets in Resources */,
				CDD29B652930B89B00D2BF21 /* Main.storyboard in Resources */,
			);
			runOnlyForDeploymentPostprocessing = 0;
		};
/* End PBXResourcesBuildPhase section */

/* Begin PBXSourcesBuildPhase section */
		CDD29B532930B89B00D2BF21 /* Sources */ = {
			isa = PBXSourcesBuildPhase;
			buildActionMask = 2147483647;
			files = (
				CDD29B7B2930BB0200D2BF21 /* MyClass.m in Sources */,
				CDD29B702930B89D00D2BF21 /* main.m in Sources */,
				CDD29B682930B89B00D2BF21 /* FirstTutorialObjC.xcdatamodeld in Sources */,
				CDD29B622930B89B00D2BF21 /* ViewController.m in Sources */,
				CDD29B7E2930D1F400D2BF21 /* Car.m in Sources */,
				CDD29B5C2930B89B00D2BF21 /* AppDelegate.m in Sources */,
				CDD29B5F2930B89B00D2BF21 /* SceneDelegate.m in Sources */,
			);
			runOnlyForDeploymentPostprocessing = 0;
		};
/* End PBXSourcesBuildPhase section */

/* Begin PBXVariantGroup section */
		CDD29B632930B89B00D2BF21 /* Main.storyboard */ = {
			isa = PBXVariantGroup;
			children = (
				CDD29B642930B89B00D2BF21 /* Base */,
			);
			name = Main.storyboard;
			sourceTree = "<group>";
		};
		CDD29B6B2930B89D00D2BF21 /* LaunchScreen.storyboard */ = {
			isa = PBXVariantGroup;
			children = (
				CDD29B6C2930B89D00D2BF21 /* Base */,
			);
			name = LaunchScreen.storyboard;
			sourceTree = "<group>";
		};
/* End PBXVariantGroup section */

/* Begin XCBuildConfiguration section */
		CDD29B712930B89D00D2BF21 /* Debug */ = {
			isa = XCBuildConfiguration;
			buildSettings = {
				ALWAYS_SEARCH_USER_PATHS = NO;
				CLANG_ANALYZER_NONNULL = YES;
				CLANG_ANALYZER_NUMBER_OBJECT_CONVERSION = YES_AGGRESSIVE;
				CLANG_CXX_LANGUAGE_STANDARD = "gnu++17";
				CLANG_ENABLE_MODULES = YES;
				CLANG_ENABLE_OBJC_ARC = YES;
				CLANG_ENABLE_OBJC_WEAK = YES;
				CLANG_WARN_BLOCK_CAPTURE_AUTORELEASING = YES;
				CLANG_WARN_BOOL_CONVERSION = YES;
				CLANG_WARN_COMMA = YES;
				CLANG_WARN_CONSTANT_CONVERSION = YES;
				CLANG_WARN_DEPRECATED_OBJC_IMPLEMENTATIONS = YES;
				CLANG_WARN_DIRECT_OBJC_ISA_USAGE = YES_ERROR;
				CLANG_WARN_DOCUMENTATION_COMMENTS = YES;
				CLANG_WARN_EMPTY_BODY = YES;
				CLANG_WARN_ENUM_CONVERSION = YES;
				CLANG_WARN_INFINITE_RECURSION = YES;
				CLANG_WARN_INT_CONVERSION = YES;
				CLANG_WARN_NON_LITERAL_NULL_CONVERSION = YES;
				CLANG_WARN_OBJC_IMPLICIT_RETAIN_SELF = YES;
				CLANG_WARN_OBJC_LITERAL_CONVERSION = YES;
				CLANG_WARN_OBJC_ROOT_CLASS = YES_ERROR;
				CLANG_WARN_QUOTED_INCLUDE_IN_FRAMEWORK_HEADER = YES;
				CLANG_WARN_RANGE_LOOP_ANALYSIS = YES;
				CLANG_WARN_STRICT_PROTOTYPES = YES;
				CLANG_WARN_SUSPICIOUS_MOVE = YES;
				CLANG_WARN_UNGUARDED_AVAILABILITY = YES_AGGRESSIVE;
				CLANG_WARN_UNREACHABLE_CODE = YES;
				CLANG_WARN__DUPLICATE_METHOD_MATCH = YES;
				COPY_PHASE_STRIP = NO;
				DEBUG_INFORMATION_FORMAT = dwarf;
				ENABLE_STRICT_OBJC_MSGSEND = YES;
				ENABLE_TESTABILITY = YES;
				GCC_C_LANGUAGE_STANDARD = gnu11;
				GCC_DYNAMIC_NO_PIC = NO;
				GCC_NO_COMMON_BLOCKS = YES;
				GCC_OPTIMIZATION_LEVEL = 0;
				GCC_PREPROCESSOR_DEFINITIONS = (
					"DEBUG=1",
					"$(inherited)",
				);
				GCC_WARN_64_TO_32_BIT_CONVERSION = YES;
				GCC_WARN_ABOUT_RETURN_TYPE = YES_ERROR;
				GCC_WARN_UNDECLARED_SELECTOR = YES;
				GCC_WARN_UNINITIALIZED_AUTOS = YES_AGGRESSIVE;
				GCC_WARN_UNUSED_FUNCTION = YES;
				GCC_WARN_UNUSED_VARIABLE = YES;
				IPHONEOS_DEPLOYMENT_TARGET = 15.4;
				MTL_ENABLE_DEBUG_INFO = INCLUDE_SOURCE;
				MTL_FAST_MATH = YES;
				ONLY_ACTIVE_ARCH = YES;
				SDKROOT = iphoneos;
			};
			name = Debug;
		};
		CDD29B722930B89D00D2BF21 /* Release */ = {
			isa = XCBuildConfiguration;
			buildSettings = {
				ALWAYS_SEARCH_USER_PATHS = NO;
				CLANG_ANALYZER_NONNULL = YES;
				CLANG_ANALYZER_NUMBER_OBJECT_CONVERSION = YES_AGGRESSIVE;
				CLANG_CXX_LANGUAGE_STANDARD = "gnu++17";
				CLANG_ENABLE_MODULES = YES;
				CLANG_ENABLE_OBJC_ARC = YES;
				CLANG_ENABLE_OBJC_WEAK = YES;
				CLANG_WARN_BLOCK_CAPTURE_AUTORELEASING = YES;
				CLANG_WARN_BOOL_CONVERSION = YES;
				CLANG_WARN_COMMA = YES;
				CLANG_WARN_CONSTANT_CONVERSION = YES;
				CLANG_WARN_DEPRECATED_OBJC_IMPLEMENTATIONS = YES;
				CLANG_WARN_DIRECT_OBJC_ISA_USAGE = YES_ERROR;
				CLANG_WARN_DOCUMENTATION_COMMENTS = YES;
				CLANG_WARN_EMPTY_BODY = YES;
				CLANG_WARN_ENUM_CONVERSION = YES;
				CLANG_WARN_INFINITE_RECURSION = YES;
				CLANG_WARN_INT_CONVERSION = YES;
				CLANG_WARN_NON_LITERAL_NULL_CONVERSION = YES;
				CLANG_WARN_OBJC_IMPLICIT_RETAIN_SELF = YES;
				CLANG_WARN_OBJC_LITERAL_CONVERSION = YES;
				CLANG_WARN_OBJC_ROOT_CLASS = YES_ERROR;
				CLANG_WARN_QUOTED_INCLUDE_IN_FRAMEWORK_HEADER = YES;
				CLANG_WARN_RANGE_LOOP_ANALYSIS = YES;
				CLANG_WARN_STRICT_PROTOTYPES = YES;
				CLANG_WARN_SUSPICIOUS_MOVE = YES;
				CLANG_WARN_UNGUARDED_AVAILABILITY = YES_AGGRESSIVE;
				CLANG_WARN_UNREACHABLE_CODE = YES;
				CLANG_WARN__DUPLICATE_METHOD_MATCH = YES;
				COPY_PHASE_STRIP = NO;
				DEBUG_INFORMATION_FORMAT = "dwarf-with-dsym";
				ENABLE_NS_ASSERTIONS = NO;
				ENABLE_STRICT_OBJC_MSGSEND = YES;
				GCC_C_LANGUAGE_STANDARD = gnu11;
				GCC_NO_COMMON_BLOCKS = YES;
				GCC_WARN_64_TO_32_BIT_CONVERSION = YES;
				GCC_WARN_ABOUT_RETURN_TYPE = YES_ERROR;
				GCC_WARN_UNDECLARED_SELECTOR = YES;
				GCC_WARN_UNINITIALIZED_AUTOS = YES_AGGRESSIVE;
				GCC_WARN_UNUSED_FUNCTION = YES;
				GCC_WARN_UNUSED_VARIABLE = YES;
				IPHONEOS_DEPLOYMENT_TARGET = 15.4;
				MTL_ENABLE_DEBUG_INFO = NO;
				MTL_FAST_MATH = YES;
				SDKROOT = iphoneos;
				VALIDATE_PRODUCT = YES;
			};
			name = Release;
		};
		CDD29B742930B89D00D2BF21 /* Debug */ = {
			isa = XCBuildConfiguration;
			buildSettings = {
				ASSETCATALOG_COMPILER_APPICON_NAME = AppIcon;
				ASSETCATALOG_COMPILER_GLOBAL_ACCENT_COLOR_NAME = AccentColor;
				CODE_SIGN_STYLE = Automatic;
				CURRENT_PROJECT_VERSION = 1;
				DEVELOPMENT_TEAM = Y2ZMF37QVQ;
				GENERATE_INFOPLIST_FILE = YES;
				INFOPLIST_FILE = FirstTutorialObjC/Info.plist;
				INFOPLIST_KEY_UIApplicationSupportsIndirectInputEvents = YES;
				INFOPLIST_KEY_UILaunchStoryboardName = LaunchScreen;
				INFOPLIST_KEY_UIMainStoryboardFile = Main;
				INFOPLIST_KEY_UISupportedInterfaceOrientations_iPad = "UIInterfaceOrientationPortrait UIInterfaceOrientationPortraitUpsideDown UIInterfaceOrientationLandscapeLeft UIInterfaceOrientationLandscapeRight";
				INFOPLIST_KEY_UISupportedInterfaceOrientations_iPhone = "UIInterfaceOrientationPortrait UIInterfaceOrientationLandscapeLeft UIInterfaceOrientationLandscapeRight";
				LD_RUNPATH_SEARCH_PATHS = (
					"$(inherited)",
					"@executable_path/Frameworks",
				);
				MARKETING_VERSION = 1.0;
				PRODUCT_BUNDLE_IDENTIFIER = com.myorganization.FirstTutorialObjC;
				PRODUCT_NAME = "$(TARGET_NAME)";
				SWIFT_EMIT_LOC_STRINGS = YES;
				TARGETED_DEVICE_FAMILY = "1,2";
			};
			name = Debug;
		};
		CDD29B752930B89D00D2BF21 /* Release */ = {
			isa = XCBuildConfiguration;
			buildSettings = {
				ASSETCATALOG_COMPILER_APPICON_NAME = AppIcon;
				ASSETCATALOG_COMPILER_GLOBAL_ACCENT_COLOR_NAME = AccentColor;
				CODE_SIGN_STYLE = Automatic;
				CURRENT_PROJECT_VERSION = 1;
				DEVELOPMENT_TEAM = Y2ZMF37QVQ;
				GENERATE_INFOPLIST_FILE = YES;
				INFOPLIST_FILE = FirstTutorialObjC/Info.plist;
				INFOPLIST_KEY_UIApplicationSupportsIndirectInputEvents = YES;
				INFOPLIST_KEY_UILaunchStoryboardName = LaunchScreen;
				INFOPLIST_KEY_UIMainStoryboardFile = Main;
				INFOPLIST_KEY_UISupportedInterfaceOrientations_iPad = "UIInterfaceOrientationPortrait UIInterfaceOrientationPortraitUpsideDown UIInterfaceOrientationLandscapeLeft UIInterfaceOrientationLandscapeRight";
				INFOPLIST_KEY_UISupportedInterfaceOrientations_iPhone = "UIInterfaceOrientationPortrait UIInterfaceOrientationLandscapeLeft UIInterfaceOrientationLandscapeRight";
				LD_RUNPATH_SEARCH_PATHS = (
					"$(inherited)",
					"@executable_path/Frameworks",
				);
				MARKETING_VERSION = 1.0;
				PRODUCT_BUNDLE_IDENTIFIER = com.myorganization.FirstTutorialObjC;
				PRODUCT_NAME = "$(TARGET_NAME)";
				SWIFT_EMIT_LOC_STRINGS = YES;
				TARGETED_DEVICE_FAMILY = "1,2";
			};
			name = Release;
		};
/* End XCBuildConfiguration section */

/* Begin XCConfigurationList section */
		CDD29B522930B89B00D2BF21 /* Build configuration list for PBXProject "FirstTutorialObjC" */ = {
			isa = XCConfigurationList;
			buildConfigurations = (
				CDD29B712930B89D00D2BF21 /* Debug */,
				CDD29B722930B89D00D2BF21 /* Release */,
			);
			defaultConfigurationIsVisible = 0;
			defaultConfigurationName = Release;
		};
		CDD29B732930B89D00D2BF21 /* Build configuration list for PBXNativeTarget "FirstTutorialObjC" */ = {
			isa = XCConfigurationList;
			buildConfigurations = (
				CDD29B742930B89D00D2BF21 /* Debug */,
				CDD29B752930B89D00D2BF21 /* Release */,
			);
			defaultConfigurationIsVisible = 0;
			defaultConfigurationName = Release;
		};
/* End XCConfigurationList section */

/* Begin XCVersionGroup section */
		CDD29B662930B89B00D2BF21 /* FirstTutorialObjC.xcdatamodeld */ = {
			isa = XCVersionGroup;
			children = (
				CDD29B672930B89B00D2BF21 /* FirstTutorialObjC.xcdatamodel */,
			);
			currentVersion = CDD29B672930B89B00D2BF21 /* FirstTutorialObjC.xcdatamodel */;
			path = FirstTutorialObjC.xcdatamodeld;
			sourceTree = "<group>";
			versionGroupType = wrapper.xcdatamodel;
		};
/* End XCVersionGroup section */
	};
	rootObject = CDD29B4F2930B89B00D2BF21 /* Project object */;
}
