// !$*UTF8*$!
{
	archiveVersion = 1;
	classes = {
	};
	objectVersion = 55;
	objects = {

/* Begin PBXBuildFile section */
		CDFCCC0E294D05C9004B7C48 /* main.m in Sources */ = {isa = PBXBuildFile; fileRef = CDFCCC0D294D05C9004B7C48 /* main.m */; };
		CDFCCC16294D05EE004B7C48 /* House.m in Sources */ = {isa = PBXBuildFile; fileRef = CDFCCC15294D05EE004B7C48 /* House.m */; };
		CDFCCC19294D0D74004B7C48 /* Bedroom.m in Sources */ = {isa = PBXBuildFile; fileRef = CDFCCC18294D0D74004B7C48 /* Bedroom.m */; };
/* End PBXBuildFile section */

/* Begin PBXCopyFilesBuildPhase section */
		CDFCCC08294D05C9004B7C48 /* CopyFiles */ = {
			isa = PBXCopyFilesBuildPhase;
			buildActionMask = 2147483647;
			dstPath = /usr/share/man/man1/;
			dstSubfolderSpec = 0;
			files = (
			);
			runOnlyForDeploymentPostprocessing = 1;
		};
/* End PBXCopyFilesBuildPhase section */

/* Begin PBXFileReference section */
		CDFCCC0A294D05C9004B7C48 /* HouseProject */ = {isa = PBXFileReference; explicitFileType = "compiled.mach-o.executable"; includeInIndex = 0; path = HouseProject; sourceTree = BUILT_PRODUCTS_DIR; };
		CDFCCC0D294D05C9004B7C48 /* main.m */ = {isa = PBXFileReference; lastKnownFileType = sourcecode.c.objc; path = main.m; sourceTree = "<group>"; };
		CDFCCC14294D05EE004B7C48 /* House.h */ = {isa = PBXFileReference; lastKnownFileType = sourcecode.c.h; path = House.h; sourceTree = "<group>"; };
		CDFCCC15294D05EE004B7C48 /* House.m */ = {isa = PBXFileReference; lastKnownFileType = sourcecode.c.objc; path = House.m; sourceTree = "<group>"; };
		CDFCCC17294D0D74004B7C48 /* Bedroom.h */ = {isa = PBXFileReference; lastKnownFileType = sourcecode.c.h; path = Bedroom.h; sourceTree = "<group>"; };
		CDFCCC18294D0D74004B7C48 /* Bedroom.m */ = {isa = PBXFileReference; lastKnownFileType = sourcecode.c.objc; path = Bedroom.m; sourceTree = "<group>"; };
/* End PBXFileReference section */

/* Begin PBXFrameworksBuildPhase section */
		CDFCCC07294D05C9004B7C48 /* Frameworks */ = {
			isa = PBXFrameworksBuildPhase;
			buildActionMask = 2147483647;
			files = (
			);
			runOnlyForDeploymentPostprocessing = 0;
		};
/* End PBXFrameworksBuildPhase section */

/* Begin PBXGroup section */
		CDFCCC01294D05C9004B7C48 = {
			isa = PBXGroup;
			children = (
				CDFCCC0C294D05C9004B7C48 /* HouseProject */,
				CDFCCC0B294D05C9004B7C48 /* Products */,
			);
			sourceTree = "<group>";
		};
		CDFCCC0B294D05C9004B7C48 /* Products */ = {
			isa = PBXGroup;
			children = (
				CDFCCC0A294D05C9004B7C48 /* HouseProject */,
			);
			name = Products;
			sourceTree = "<group>";
		};
		CDFCCC0C294D05C9004B7C48 /* HouseProject */ = {
			isa = PBXGroup;
			children = (
				CDFCCC0D294D05C9004B7C48 /* main.m */,
				CDFCCC14294D05EE004B7C48 /* House.h */,
				CDFCCC15294D05EE004B7C48 /* House.m */,
				CDFCCC17294D0D74004B7C48 /* Bedroom.h */,
				CDFCCC18294D0D74004B7C48 /* Bedroom.m */,
			);
			path = HouseProject;
			sourceTree = "<group>";
		};
/* End PBXGroup section */

/* Begin PBXNativeTarget section */
		CDFCCC09294D05C9004B7C48 /* HouseProject */ = {
			isa = PBXNativeTarget;
			buildConfigurationList = CDFCCC11294D05C9004B7C48 /* Build configuration list for PBXNativeTarget "HouseProject" */;
			buildPhases = (
				CDFCCC06294D05C9004B7C48 /* Sources */,
				CDFCCC07294D05C9004B7C48 /* Frameworks */,
				CDFCCC08294D05C9004B7C48 /* CopyFiles */,
			);
			buildRules = (
			);
			dependencies = (
			);
			name = HouseProject;
			productName = HouseProject;
			productReference = CDFCCC0A294D05C9004B7C48 /* HouseProject */;
			productType = "com.apple.product-type.tool";
		};
/* End PBXNativeTarget section */

/* Begin PBXProject section */
		CDFCCC02294D05C9004B7C48 /* Project object */ = {
			isa = PBXProject;
			attributes = {
				BuildIndependentTargetsInParallel = 1;
				LastUpgradeCheck = 1330;
				TargetAttributes = {
					CDFCCC09294D05C9004B7C48 = {
						CreatedOnToolsVersion = 13.3.1;
					};
				};
			};
			buildConfigurationList = CDFCCC05294D05C9004B7C48 /* Build configuration list for PBXProject "HouseProject" */;
			compatibilityVersion = "Xcode 13.0";
			developmentRegion = en;
			hasScannedForEncodings = 0;
			knownRegions = (
				en,
				Base,
			);
			mainGroup = CDFCCC01294D05C9004B7C48;
			productRefGroup = CDFCCC0B294D05C9004B7C48 /* Products */;
			projectDirPath = "";
			projectRoot = "";
			targets = (
				CDFCCC09294D05C9004B7C48 /* HouseProject */,
			);
		};
/* End PBXProject section */

/* Begin PBXSourcesBuildPhase section */
		CDFCCC06294D05C9004B7C48 /* Sources */ = {
			isa = PBXSourcesBuildPhase;
			buildActionMask = 2147483647;
			files = (
				CDFCCC16294D05EE004B7C48 /* House.m in Sources */,
				CDFCCC19294D0D74004B7C48 /* Bedroom.m in Sources */,
				CDFCCC0E294D05C9004B7C48 /* main.m in Sources */,
			);
			runOnlyForDeploymentPostprocessing = 0;
		};
/* End PBXSourcesBuildPhase section */

/* Begin XCBuildConfiguration section */
		CDFCCC0F294D05C9004B7C48 /* Debug */ = {
			isa = XCBuildConfiguration;
			buildSettings = {
				ALWAYS_SEARCH_USER_PATHS = NO;
				CLANG_ANALYZER_NONNULL = YES;
				CLANG_ANALYZER_NUMBER_OBJECT_CONVERSION = YES_AGGRESSIVE;
				CLANG_CXX_LANGUAGE_STANDARD = "gnu++17";
				CLANG_ENABLE_MODULES = YES;
				CLANG_ENABLE_OBJC_ARC = YES;
				CLANG_ENABLE_OBJC_WEAK = YES;
				CLANG_WARN_BLOCK_CAPTURE_AUTORELEASING = YES;
				CLANG_WARN_BOOL_CONVERSION = YES;
				CLANG_WARN_COMMA = YES;
				CLANG_WARN_CONSTANT_CONVERSION = YES;
				CLANG_WARN_DEPRECATED_OBJC_IMPLEMENTATIONS = YES;
				CLANG_WARN_DIRECT_OBJC_ISA_USAGE = YES_ERROR;
				CLANG_WARN_DOCUMENTATION_COMMENTS = YES;
				CLANG_WARN_EMPTY_BODY = YES;
				CLANG_WARN_ENUM_CONVERSION = YES;
				CLANG_WARN_INFINITE_RECURSION = YES;
				CLANG_WARN_INT_CONVERSION = YES;
				CLANG_WARN_NON_LITERAL_NULL_CONVERSION = YES;
				CLANG_WARN_OBJC_IMPLICIT_RETAIN_SELF = YES;
				CLANG_WARN_OBJC_LITERAL_CONVERSION = YES;
				CLANG_WARN_OBJC_ROOT_CLASS = YES_ERROR;
				CLANG_WARN_QUOTED_INCLUDE_IN_FRAMEWORK_HEADER = YES;
				CLANG_WARN_RANGE_LOOP_ANALYSIS = YES;
				CLANG_WARN_STRICT_PROTOTYPES = YES;
				CLANG_WARN_SUSPICIOUS_MOVE = YES;
				CLANG_WARN_UNGUARDED_AVAILABILITY = YES_AGGRESSIVE;
				CLANG_WARN_UNREACHABLE_CODE = YES;
				CLANG_WARN__DUPLICATE_METHOD_MATCH = YES;
				COPY_PHASE_STRIP = NO;
				DEBUG_INFORMATION_FORMAT = dwarf;
				ENABLE_STRICT_OBJC_MSGSEND = YES;
				ENABLE_TESTABILITY = YES;
				GCC_C_LANGUAGE_STANDARD = gnu11;
				GCC_DYNAMIC_NO_PIC = NO;
				GCC_NO_COMMON_BLOCKS = YES;
				GCC_OPTIMIZATION_LEVEL = 0;
				GCC_PREPROCESSOR_DEFINITIONS = (
					"DEBUG=1",
					"$(inherited)",
				);
				GCC_WARN_64_TO_32_BIT_CONVERSION = YES;
				GCC_WARN_ABOUT_RETURN_TYPE = YES_ERROR;
				GCC_WARN_UNDECLARED_SELECTOR = YES;
				GCC_WARN_UNINITIALIZED_AUTOS = YES_AGGRESSIVE;
				GCC_WARN_UNUSED_FUNCTION = YES;
				GCC_WARN_UNUSED_VARIABLE = YES;
				MACOSX_DEPLOYMENT_TARGET = 12.3;
				MTL_ENABLE_DEBUG_INFO = INCLUDE_SOURCE;
				MTL_FAST_MATH = YES;
				ONLY_ACTIVE_ARCH = YES;
				SDKROOT = macosx;
			};
			name = Debug;
		};
		CDFCCC10294D05C9004B7C48 /* Release */ = {
			isa = XCBuildConfiguration;
			buildSettings = {
				ALWAYS_SEARCH_USER_PATHS = NO;
				CLANG_ANALYZER_NONNULL = YES;
				CLANG_ANALYZER_NUMBER_OBJECT_CONVERSION = YES_AGGRESSIVE;
				CLANG_CXX_LANGUAGE_STANDARD = "gnu++17";
				CLANG_ENABLE_MODULES = YES;
				CLANG_ENABLE_OBJC_ARC = YES;
				CLANG_ENABLE_OBJC_WEAK = YES;
				CLANG_WARN_BLOCK_CAPTURE_AUTORELEASING = YES;
				CLANG_WARN_BOOL_CONVERSION = YES;
				CLANG_WARN_COMMA = YES;
				CLANG_WARN_CONSTANT_CONVERSION = YES;
				CLANG_WARN_DEPRECATED_OBJC_IMPLEMENTATIONS = YES;
				CLANG_WARN_DIRECT_OBJC_ISA_USAGE = YES_ERROR;
				CLANG_WARN_DOCUMENTATION_COMMENTS = YES;
				CLANG_WARN_EMPTY_BODY = YES;
				CLANG_WARN_ENUM_CONVERSION = YES;
				CLANG_WARN_INFINITE_RECURSION = YES;
				CLANG_WARN_INT_CONVERSION = YES;
				CLANG_WARN_NON_LITERAL_NULL_CONVERSION = YES;
				CLANG_WARN_OBJC_IMPLICIT_RETAIN_SELF = YES;
				CLANG_WARN_OBJC_LITERAL_CONVERSION = YES;
				CLANG_WARN_OBJC_ROOT_CLASS = YES_ERROR;
				CLANG_WARN_QUOTED_INCLUDE_IN_FRAMEWORK_HEADER = YES;
				CLANG_WARN_RANGE_LOOP_ANALYSIS = YES;
				CLANG_WARN_STRICT_PROTOTYPES = YES;
				CLANG_WARN_SUSPICIOUS_MOVE = YES;
				CLANG_WARN_UNGUARDED_AVAILABILITY = YES_AGGRESSIVE;
				CLANG_WARN_UNREACHABLE_CODE = YES;
				CLANG_WARN__DUPLICATE_METHOD_MATCH = YES;
				COPY_PHASE_STRIP = NO;
				DEBUG_INFORMATION_FORMAT = "dwarf-with-dsym";
				ENABLE_NS_ASSERTIONS = NO;
				ENABLE_STRICT_OBJC_MSGSEND = YES;
				GCC_C_LANGUAGE_STANDARD = gnu11;
				GCC_NO_COMMON_BLOCKS = YES;
				GCC_WARN_64_TO_32_BIT_CONVERSION = YES;
				GCC_WARN_ABOUT_RETURN_TYPE = YES_ERROR;
				GCC_WARN_UNDECLARED_SELECTOR = YES;
				GCC_WARN_UNINITIALIZED_AUTOS = YES_AGGRESSIVE;
				GCC_WARN_UNUSED_FUNCTION = YES;
				GCC_WARN_UNUSED_VARIABLE = YES;
				MACOSX_DEPLOYMENT_TARGET = 12.3;
				MTL_ENABLE_DEBUG_INFO = NO;
				MTL_FAST_MATH = YES;
				SDKROOT = macosx;
			};
			name = Release;
		};
		CDFCCC12294D05C9004B7C48 /* Debug */ = {
			isa = XCBuildConfiguration;
			buildSettings = {
				CODE_SIGN_STYLE = Automatic;
				DEVELOPMENT_TEAM = Y2ZMF37QVQ;
				ENABLE_HARDENED_RUNTIME = YES;
				PRODUCT_NAME = "$(TARGET_NAME)";
			};
			name = Debug;
		};
		CDFCCC13294D05C9004B7C48 /* Release */ = {
			isa = XCBuildConfiguration;
			buildSettings = {
				CODE_SIGN_STYLE = Automatic;
				DEVELOPMENT_TEAM = Y2ZMF37QVQ;
				ENABLE_HARDENED_RUNTIME = YES;
				PRODUCT_NAME = "$(TARGET_NAME)";
			};
			name = Release;
		};
/* End XCBuildConfiguration section */

/* Begin XCConfigurationList section */
		CDFCCC05294D05C9004B7C48 /* Build configuration list for PBXProject "HouseProject" */ = {
			isa = XCConfigurationList;
			buildConfigurations = (
				CDFCCC0F294D05C9004B7C48 /* Debug */,
				CDFCCC10294D05C9004B7C48 /* Release */,
			);
			defaultConfigurationIsVisible = 0;
			defaultConfigurationName = Release;
		};
		CDFCCC11294D05C9004B7C48 /* Build configuration list for PBXNativeTarget "HouseProject" */ = {
			isa = XCConfigurationList;
			buildConfigurations = (
				CDFCCC12294D05C9004B7C48 /* Debug */,
				CDFCCC13294D05C9004B7C48 /* Release */,
			);
			defaultConfigurationIsVisible = 0;
			defaultConfigurationName = Release;
		};
/* End XCConfigurationList section */
	};
	rootObject = CDFCCC02294D05C9004B7C48 /* Project object */;
}
